
Microsoft Visual Studio Solution File, Format Version 12.00
Project("{FAE04EC0-301F-11D3-BF4B-00C04F79EFBC}") = "Apollo.Bp.Net.Card.Api", "Apollo.Bp.Net.Card.Api\Apollo.Bp.Net.Card.Api.csproj", "{9E5FC360-E9F3-4E78-BAE4-9E4C5B10AA64}"
EndProject
Project("{FAE04EC0-301F-11D3-BF4B-00C04F79EFBC}") = "Apollo.Bp.Net.Card.Core", "Apollo.Bp.Net.Card.Core\Apollo.Bp.Net.Card.Core.csproj", "{E2ADB080-EC66-4790-ADC3-4C6CA3A6FC1A}"
EndProject
Project("{FAE04EC0-301F-11D3-BF4B-00C04F79EFBC}") = "Apollo.Bp.Net.Card.Infrastructure", "Apollo.Bp.Net.Card.Infrastructure\Apollo.Bp.Net.Card.Infrastructure.csproj", "{8F59EC21-FF42-4A48-AB40-9DBC9BEF3CA6}"
EndProject
Project("{FAE04EC0-301F-11D3-BF4B-00C04F79EFBC}") = "Apollo.Bp.Net.Card.Data", "Apollo.Bp.Net.Card.Data\Apollo.Bp.Net.Card.Data.csproj", "{B50A7EB4-BA9E-4251-A49A-D0BD92917EF2}"
EndProject
Global
	GlobalSection(SolutionConfigurationPlatforms) = preSolution
		Debug|Any CPU = Debug|Any CPU
		Release|Any CPU = Release|Any CPU
	EndGlobalSection
	GlobalSection(ProjectConfigurationPlatforms) = postSolution
		{9E5FC360-E9F3-4E78-BAE4-9E4C5B10AA64}.Debug|Any CPU.ActiveCfg = Debug|Any CPU
		{9E5FC360-E9F3-4E78-BAE4-9E4C5B10AA64}.Debug|Any CPU.Build.0 = Debug|Any CPU
		{9E5FC360-E9F3-4E78-BAE4-9E4C5B10AA64}.Release|Any CPU.ActiveCfg = Release|Any CPU
		{9E5FC360-E9F3-4E78-BAE4-9E4C5B10AA64}.Release|Any CPU.Build.0 = Release|Any CPU
		{E2ADB080-EC66-4790-ADC3-4C6CA3A6FC1A}.Debug|Any CPU.ActiveCfg = Debug|Any CPU
		{E2ADB080-EC66-4790-ADC3-4C6CA3A6FC1A}.Debug|Any CPU.Build.0 = Debug|Any CPU
		{E2ADB080-EC66-4790-ADC3-4C6CA3A6FC1A}.Release|Any CPU.ActiveCfg = Release|Any CPU
		{E2ADB080-EC66-4790-ADC3-4C6CA3A6FC1A}.Release|Any CPU.Build.0 = Release|Any CPU
		{8F59EC21-FF42-4A48-AB40-9DBC9BEF3CA6}.Debug|Any CPU.ActiveCfg = Debug|Any CPU
		{8F59EC21-FF42-4A48-AB40-9DBC9BEF3CA6}.Debug|Any CPU.Build.0 = Debug|Any CPU
		{8F59EC21-FF42-4A48-AB40-9DBC9BEF3CA6}.Release|Any CPU.ActiveCfg = Release|Any CPU
		{8F59EC21-FF42-4A48-AB40-9DBC9BEF3CA6}.Release|Any CPU.Build.0 = Release|Any CPU
		{B50A7EB4-BA9E-4251-A49A-D0BD92917EF2}.Debug|Any CPU.ActiveCfg = Debug|Any CPU
		{B50A7EB4-BA9E-4251-A49A-D0BD92917EF2}.Debug|Any CPU.Build.0 = Debug|Any CPU
		{B50A7EB4-BA9E-4251-A49A-D0BD92917EF2}.Release|Any CPU.ActiveCfg = Release|Any CPU
		{B50A7EB4-BA9E-4251-A49A-D0BD92917EF2}.Release|Any CPU.Build.0 = Release|Any CPU
	EndGlobalSection
EndGlobal
